
Microsoft Visual Studio Solution File, Format Version 12.00
# Visual Studio Version 17
VisualStudioVersion = 17.5.002.0
MinimumVisualStudioVersion = 10.0.40219.1
Project("{9A19103F-16F7-4668-BE54-9A1E7A4F7556}") = "CarsAssemble", "CarsAssemble.csproj", "{55537329-54AA-4F11-ADCA-A0959AD742D9}"
EndProject
Global
	GlobalSection(SolutionConfigurationPlatforms) = preSolution
		Debug|Any CPU = Debug|Any CPU
		Release|Any CPU = Release|Any CPU
	EndGlobalSection
	GlobalSection(ProjectConfigurationPlatforms) = postSolution
		{55537329-54AA-4F11-ADCA-A0959AD742D9}.Debug|Any CPU.ActiveCfg = Debug|Any CPU
		{55537329-54AA-4F11-ADCA-A0959AD742D9}.Debug|Any CPU.Build.0 = Debug|Any CPU
		{55537329-54AA-4F11-ADCA-A0959AD742D9}.Release|Any CPU.ActiveCfg = Release|Any CPU
		{55537329-54AA-4F11-ADCA-A0959AD742D9}.Release|Any CPU.Build.0 = Release|Any CPU
	EndGlobalSection
	GlobalSection(SolutionProperties) = preSolution
		HideSolutionNode = FALSE
	EndGlobalSection
	GlobalSection(ExtensibilityGlobals) = postSolution
		SolutionGuid = {993C0A81-EF2D-4750-873E-44C56847E084}
	EndGlobalSection
EndGlobal
